{
  "version": "3",
  "remote": {
    "https://edge.netlify.com/": "ff84a16f192fdb43db8b9dff869889f555c05857d075044d2a7cfa54c283a0a0",
    "https://edge.netlify.com/bootstrap/config.ts": "0aa0a225d978b89e0e62cbd853701605199e7a84095e55eeb70147faf1a24803",
    "https://edge.netlify.com/bootstrap/context.ts": "8f99269eeeeccf9b852e6089cc648c962a0ea20b2198b8b38b38e3b2ce2b9143",
    "https://edge.netlify.com/bootstrap/cookie.ts": "8b0baae708989ca183c6f3b4ab3d029e6abcbc2e43f93edeb0ff447b3bbc3a05",
    "https://edge.netlify.com/bootstrap/edge_function.ts": "b8253e86aa83c67341f5cfedeba5049d77fbf84dcab7eceff7566b7728ae9b39",
    "https://edge.netlify.com/bootstrap/globals.ts": "38f9e0be6c2c78206bf14d2387d41964d38bbe81644b3668e203c6f6473408a7"
  },
  "workspace": {
    "packageJson": {
      "dependencies": [
        "npm:@astrojs/rss@^4.0.6",
        "npm:@astrojs/sitemap@^3.1.5",
        "npm:@netlify/blobs@^7.3.0",
        "npm:@prismicio/client@^6.4.1",
        "npm:@prismicio/helpers@^2.2.1",
        "npm:@prismicio/types@^0.1.27",
        "npm:@typescript-eslint/eslint-plugin@^5.18.0",
        "npm:@typescript-eslint/parser@^5.18.0",
        "npm:astro-compress@^2.2.5",
        "npm:astro@^4.10.0",
        "npm:autoprefixer@^10.4.4",
        "npm:change-case@^4.1.2",
        "npm:color-convert@^2.0.1",
        "npm:cssnano@^6.0.0",
        "npm:csv-parser@^3.0.0",
        "npm:date-fns@^2.28.0",
        "npm:eslint-config-airbnb@^19.0.4",
        "npm:eslint@^8.12.0",
        "npm:install@^0.13.0",
        "npm:npm-run-all@^4.1.5",
        "npm:onchange@^7.1.0",
        "npm:prettier@^2.6.0",
        "npm:rehype-stringify@^10.0.0",
        "npm:remark-gfm@^4.0.0",
        "npm:remark-parse@^11.0.0",
        "npm:remark-rehype@^11.1.0",
        "npm:remark-smartypants@^2.1.0",
        "npm:remark@^15.0.1",
        "npm:typescript@^5.2.2",
        "npm:unified@^11.0.4",
        "npm:unist-util-visit@^5.0.0",
        "npm:vite-svg-loader@^3.1.2"
      ]
    }
  }
}
